
Microsoft Visual Studio Solution File, Format Version 12.00
# Visual Studio Version 17
VisualStudioVersion = 17.8.34322.80
MinimumVisualStudioVersion = 10.0.40219.1
Project("{FAE04EC0-301F-11D3-BF4B-00C04F79EFBC}") = "LicenseVerifier", "LicenseVerifier\LicenseVerifier.csproj", "{2872A7DC-804A-4CD4-8779-68D64E797FB9}"
EndProject
Global
	GlobalSection(SolutionConfigurationPlatforms) = preSolution
		Debug|Any CPU = Debug|Any CPU
		Release|Any CPU = Release|Any CPU
	EndGlobalSection
	GlobalSection(ProjectConfigurationPlatforms) = postSolution
		{2872A7DC-804A-4CD4-8779-68D64E797FB9}.Debug|Any CPU.ActiveCfg = Debug|Any CPU
		{2872A7DC-804A-4CD4-8779-68D64E797FB9}.Debug|Any CPU.Build.0 = Debug|Any CPU
		{2872A7DC-804A-4CD4-8779-68D64E797FB9}.Release|Any CPU.ActiveCfg = Release|Any CPU
		{2872A7DC-804A-4CD4-8779-68D64E797FB9}.Release|Any CPU.Build.0 = Release|Any CPU
	EndGlobalSection
	GlobalSection(SolutionProperties) = preSolution
		HideSolutionNode = FALSE
	EndGlobalSection
	GlobalSection(ExtensibilityGlobals) = postSolution
		SolutionGuid = {15F70532-1368-43ED-90E7-996F2F9E9AE5}
	EndGlobalSection
EndGlobal
